
Microsoft Visual Studio Solution File, Format Version 12.00
# Visual Studio Version 17
VisualStudioVersion = 17.7.34031.279
MinimumVisualStudioVersion = 10.0.40219.1
Project("{FAE04EC0-301F-11D3-BF4B-00C04F79EFBC}") = "NoteXtract", "NoteXtract\NoteXtract.csproj", "{53510883-F2F4-4846-A40C-76A635008CDA}"
EndProject
Global
	GlobalSection(SolutionConfigurationPlatforms) = preSolution
		Debug|Any CPU = Debug|Any CPU
		Release|Any CPU = Release|Any CPU
	EndGlobalSection
	GlobalSection(ProjectConfigurationPlatforms) = postSolution
		{53510883-F2F4-4846-A40C-76A635008CDA}.Debug|Any CPU.ActiveCfg = Debug|Any CPU
		{53510883-F2F4-4846-A40C-76A635008CDA}.Debug|Any CPU.Build.0 = Debug|Any CPU
		{53510883-F2F4-4846-A40C-76A635008CDA}.Release|Any CPU.ActiveCfg = Release|Any CPU
		{53510883-F2F4-4846-A40C-76A635008CDA}.Release|Any CPU.Build.0 = Release|Any CPU
	EndGlobalSection
	GlobalSection(SolutionProperties) = preSolution
		HideSolutionNode = FALSE
	EndGlobalSection
	GlobalSection(ExtensibilityGlobals) = postSolution
		SolutionGuid = {85A727F6-87B1-4FCB-B071-30D010C73023}
	EndGlobalSection
EndGlobal
